Microsoft Visual Studio Solution File, Format Version 12.00
# Visual Studio Version 18
VisualStudioVersion = 18.0.11222.15
MinimumVisualStudioVersion = 10.0.40219.1
Project("{9A19103F-16F7-4668-BE54-9A1E7A4F7556}") = "Satlink.Wpf", "Satlink.Wpf\Satlink.Wpf.csproj", "{299F082E-8984-456E-8FD6-620C49D2D3BA}"
EndProject
Project("{9A19103F-16F7-4668-BE54-9A1E7A4F7556}") = "Satlink.Domain", "Satlink.Domain\Satlink.Domain.csproj", "{419D33F2-D3B6-464A-8517-72A159DEF25A}"
EndProject
Project("{9A19103F-16F7-4668-BE54-9A1E7A4F7556}") = "Satlink.Infrastructure", "Satlink.Infrastructure\Satlink.Infrastructure.csproj", "{E5CB82F3-A9C2-4407-8846-77F1D6533259}"
EndProject
Project("{9A19103F-16F7-4668-BE54-9A1E7A4F7556}") = "Satink.Logic", "Satlink.Logic\Satink.Logic.csproj", "{661E88D1-B60B-4592-8F00-C31F39992416}"
EndProject
Project("{FAE04EC0-301F-11D3-BF4B-00C04F79EFBC}") = "Satlink.Tests", "Satlink.Tests\Satlink.Tests.csproj", "{C9C99083-CA37-782C-194B-DF39B4FD1C97}"
EndProject
Project("{FAE04EC0-301F-11D3-BF4B-00C04F79EFBC}") = "Satlink.Api", "Satlink.Api\Satlink.Api.csproj", "{870702C1-E9F6-8583-5436-B99BA329DA94}"
EndProject
Project("{FAE04EC0-301F-11D3-BF4B-00C04F79EFBC}") = "Satlink.Api.Tests", "Satlink.Api.Tests\Satlink.Api.Tests.csproj", "{995269A7-203C-77D2-0D1D-175ADFAE235D}"
EndProject
Global
	GlobalSection(SolutionConfigurationPlatforms) = preSolution
		Debug|Any CPU = Debug|Any CPU
		Debug|x64 = Debug|x64
		Debug|x86 = Debug|x86
		Release|Any CPU = Release|Any CPU
		Release|x64 = Release|x64
		Release|x86 = Release|x86
	EndGlobalSection
	GlobalSection(ProjectConfigurationPlatforms) = postSolution
		{299F082E-8984-456E-8FD6-620C49D2D3BA}.Debug|Any CPU.ActiveCfg = Debug|Any CPU
		{299F082E-8984-456E-8FD6-620C49D2D3BA}.Debug|Any CPU.Build.0 = Debug|Any CPU
		{299F082E-8984-456E-8FD6-620C49D2D3BA}.Debug|x64.ActiveCfg = Debug|Any CPU
		{299F082E-8984-456E-8FD6-620C49D2D3BA}.Debug|x64.Build.0 = Debug|Any CPU
		{299F082E-8984-456E-8FD6-620C49D2D3BA}.Debug|x86.ActiveCfg = Debug|Any CPU
		{299F082E-8984-456E-8FD6-620C49D2D3BA}.Debug|x86.Build.0 = Debug|Any CPU
		{299F082E-8984-456E-8FD6-620C49D2D3BA}.Release|Any CPU.ActiveCfg = Release|Any CPU
		{299F082E-8984-456E-8FD6-620C49D2D3BA}.Release|Any CPU.Build.0 = Release|Any CPU
		{299F082E-8984-456E-8FD6-620C49D2D3BA}.Release|x64.ActiveCfg = Release|Any CPU
		{299F082E-8984-456E-8FD6-620C49D2D3BA}.Release|x64.Build.0 = Release|Any CPU
		{299F082E-8984-456E-8FD6-620C49D2D3BA}.Release|x86.ActiveCfg = Release|Any CPU
		{299F082E-8984-456E-8FD6-620C49D2D3BA}.Release|x86.Build.0 = Release|Any CPU
		{419D33F2-D3B6-464A-8517-72A159DEF25A}.Debug|Any CPU.ActiveCfg = Debug|Any CPU
		{419D33F2-D3B6-464A-8517-72A159DEF25A}.Debug|Any CPU.Build.0 = Debug|Any CPU
		{419D33F2-D3B6-464A-8517-72A159DEF25A}.Debug|x64.ActiveCfg = Debug|Any CPU
		{419D33F2-D3B6-464A-8517-72A159DEF25A}.Debug|x64.Build.0 = Debug|Any CPU
		{419D33F2-D3B6-464A-8517-72A159DEF25A}.Debug|x86.ActiveCfg = Debug|Any CPU
		{419D33F2-D3B6-464A-8517-72A159DEF25A}.Debug|x86.Build.0 = Debug|Any CPU
		{419D33F2-D3B6-464A-8517-72A159DEF25A}.Release|Any CPU.ActiveCfg = Release|Any CPU
		{419D33F2-D3B6-464A-8517-72A159DEF25A}.Release|Any CPU.Build.0 = Release|Any CPU
		{419D33F2-D3B6-464A-8517-72A159DEF25A}.Release|x64.ActiveCfg = Release|Any CPU
		{419D33F2-D3B6-464A-8517-72A159DEF25A}.Release|x64.Build.0 = Release|Any CPU
		{419D33F2-D3B6-464A-8517-72A159DEF25A}.Release|x86.ActiveCfg = Release|Any CPU
		{419D33F2-D3B6-464A-8517-72A159DEF25A}.Release|x86.Build.0 = Release|Any CPU
		{E5CB82F3-A9C2-4407-8846-77F1D6533259}.Debug|Any CPU.ActiveCfg = Debug|Any CPU
		{E5CB82F3-A9C2-4407-8846-77F1D6533259}.Debug|Any CPU.Build.0 = Debug|Any CPU
		{E5CB82F3-A9C2-4407-8846-77F1D6533259}.Debug|x64.ActiveCfg = Debug|Any CPU
		{E5CB82F3-A9C2-4407-8846-77F1D6533259}.Debug|x64.Build.0 = Debug|Any CPU
		{E5CB82F3-A9C2-4407-8846-77F1D6533259}.Debug|x86.ActiveCfg = Debug|Any CPU
		{E5CB82F3-A9C2-4407-8846-77F1D6533259}.Debug|x86.Build.0 = Debug|Any CPU
		{E5CB82F3-A9C2-4407-8846-77F1D6533259}.Release|Any CPU.ActiveCfg = Release|Any CPU
		{E5CB82F3-A9C2-4407-8846-77F1D6533259}.Release|Any CPU.Build.0 = Release|Any CPU
		{E5CB82F3-A9C2-4407-8846-77F1D6533259}.Release|x64.ActiveCfg = Release|Any CPU
		{E5CB82F3-A9C2-4407-8846-77F1D6533259}.Release|x64.Build.0 = Release|Any CPU
		{E5CB82F3-A9C2-4407-8846-77F1D6533259}.Release|x86.ActiveCfg = Release|Any CPU
		{E5CB82F3-A9C2-4407-8846-77F1D6533259}.Release|x86.Build.0 = Release|Any CPU
		{661E88D1-B60B-4592-8F00-C31F39992416}.Debug|Any CPU.ActiveCfg = Debug|Any CPU
		{661E88D1-B60B-4592-8F00-C31F39992416}.Debug|Any CPU.Build.0 = Debug|Any CPU
		{661E88D1-B60B-4592-8F00-C31F39992416}.Debug|x64.ActiveCfg = Debug|Any CPU
		{661E88D1-B60B-4592-8F00-C31F39992416}.Debug|x64.Build.0 = Debug|Any CPU
		{661E88D1-B60B-4592-8F00-C31F39992416}.Debug|x86.ActiveCfg = Debug|Any CPU
		{661E88D1-B60B-4592-8F00-C31F39992416}.Debug|x86.Build.0 = Debug|Any CPU
		{661E88D1-B60B-4592-8F00-C31F39992416}.Release|Any CPU.ActiveCfg = Release|Any CPU
		{661E88D1-B60B-4592-8F00-C31F39992416}.Release|Any CPU.Build.0 = Release|Any CPU
		{661E88D1-B60B-4592-8F00-C31F39992416}.Release|x64.ActiveCfg = Release|Any CPU
		{661E88D1-B60B-4592-8F00-C31F39992416}.Release|x64.Build.0 = Release|Any CPU
		{661E88D1-B60B-4592-8F00-C31F39992416}.Release|x86.ActiveCfg = Release|Any CPU
		{661E88D1-B60B-4592-8F00-C31F39992416}.Release|x86.Build.0 = Release|Any CPU
		{C9C99083-CA37-782C-194B-DF39B4FD1C97}.Debug|Any CPU.ActiveCfg = Debug|Any CPU
		{C9C99083-CA37-782C-194B-DF39B4FD1C97}.Debug|Any CPU.Build.0 = Debug|Any CPU
		{C9C99083-CA37-782C-194B-DF39B4FD1C97}.Debug|x64.ActiveCfg = Debug|Any CPU
		{C9C99083-CA37-782C-194B-DF39B4FD1C97}.Debug|x64.Build.0 = Debug|Any CPU
		{C9C99083-CA37-782C-194B-DF39B4FD1C97}.Debug|x86.ActiveCfg = Debug|Any CPU
		{C9C99083-CA37-782C-194B-DF39B4FD1C97}.Debug|x86.Build.0 = Debug|Any CPU
		{C9C99083-CA37-782C-194B-DF39B4FD1C97}.Release|Any CPU.ActiveCfg = Release|Any CPU
		{C9C99083-CA37-782C-194B-DF39B4FD1C97}.Release|Any CPU.Build.0 = Release|Any CPU
		{C9C99083-CA37-782C-194B-DF39B4FD1C97}.Release|x64.ActiveCfg = Release|Any CPU
		{C9C99083-CA37-782C-194B-DF39B4FD1C97}.Release|x64.Build.0 = Release|Any CPU
		{C9C99083-CA37-782C-194B-DF39B4FD1C97}.Release|x86.ActiveCfg = Release|Any CPU
		{C9C99083-CA37-782C-194B-DF39B4FD1C97}.Release|x86.Build.0 = Release|Any CPU
		{870702C1-E9F6-8583-5436-B99BA329DA94}.Debug|Any CPU.ActiveCfg = Debug|Any CPU
		{870702C1-E9F6-8583-5436-B99BA329DA94}.Debug|Any CPU.Build.0 = Debug|Any CPU
		{870702C1-E9F6-8583-5436-B99BA329DA94}.Debug|x64.ActiveCfg = Debug|Any CPU
		{870702C1-E9F6-8583-5436-B99BA329DA94}.Debug|x64.Build.0 = Debug|Any CPU
		{870702C1-E9F6-8583-5436-B99BA329DA94}.Debug|x86.ActiveCfg = Debug|Any CPU
		{870702C1-E9F6-8583-5436-B99BA329DA94}.Debug|x86.Build.0 = Debug|Any CPU
		{870702C1-E9F6-8583-5436-B99BA329DA94}.Release|Any CPU.ActiveCfg = Release|Any CPU
		{870702C1-E9F6-8583-5436-B99BA329DA94}.Release|Any CPU.Build.0 = Release|Any CPU
		{870702C1-E9F6-8583-5436-B99BA329DA94}.Release|x64.ActiveCfg = Release|Any CPU
		{870702C1-E9F6-8583-5436-B99BA329DA94}.Release|x64.Build.0 = Release|Any CPU
		{870702C1-E9F6-8583-5436-B99BA329DA94}.Release|x86.ActiveCfg = Release|Any CPU
		{870702C1-E9F6-8583-5436-B99BA329DA94}.Release|x86.Build.0 = Release|Any CPU
		{995269A7-203C-77D2-0D1D-175ADFAE235D}.Debug|Any CPU.ActiveCfg = Debug|Any CPU
		{995269A7-203C-77D2-0D1D-175ADFAE235D}.Debug|Any CPU.Build.0 = Debug|Any CPU
		{995269A7-203C-77D2-0D1D-175ADFAE235D}.Debug|x64.ActiveCfg = Debug|Any CPU
		{995269A7-203C-77D2-0D1D-175ADFAE235D}.Debug|x64.Build.0 = Debug|Any CPU
		{995269A7-203C-77D2-0D1D-175ADFAE235D}.Debug|x86.ActiveCfg = Debug|Any CPU
		{995269A7-203C-77D2-0D1D-175ADFAE235D}.Debug|x86.Build.0 = Debug|Any CPU
		{995269A7-203C-77D2-0D1D-175ADFAE235D}.Release|Any CPU.ActiveCfg = Release|Any CPU
		{995269A7-203C-77D2-0D1D-175ADFAE235D}.Release|Any CPU.Build.0 = Release|Any CPU
		{995269A7-203C-77D2-0D1D-175ADFAE235D}.Release|x64.ActiveCfg = Release|Any CPU
		{995269A7-203C-77D2-0D1D-175ADFAE235D}.Release|x64.Build.0 = Release|Any CPU
		{995269A7-203C-77D2-0D1D-175ADFAE235D}.Release|x86.ActiveCfg = Release|Any CPU
		{995269A7-203C-77D2-0D1D-175ADFAE235D}.Release|x86.Build.0 = Release|Any CPU
	EndGlobalSection
	GlobalSection(SolutionProperties) = preSolution
		HideSolutionNode = FALSE
	EndGlobalSection
	GlobalSection(ExtensibilityGlobals) = postSolution
		SolutionGuid = {7AC8E01B-7EE9-4FC0-BBE1-817739B72C0F}
	EndGlobalSection
EndGlobal
